Microsoft Visual Studio Solution File, Format Version 12.00
# Visual Studio Version 17
VisualStudioVersion = 17.5.2.0
MinimumVisualStudioVersion = 10.0.40219.1
Project("{FAE04EC0-301F-11D3-BF4B-00C04F79EFBC}") = "MiniProject1AssetTracking", "MiniProject1AssetTracking.csproj", "{BA557DB4-BEF4-9136-D01D-829B9EEF631B}"
EndProject
Global
	GlobalSection(SolutionConfigurationPlatforms) = preSolution
		Debug|Any CPU = Debug|Any CPU
		Release|Any CPU = Release|Any CPU
	EndGlobalSection
	GlobalSection(ProjectConfigurationPlatforms) = postSolution
		{BA557DB4-BEF4-9136-D01D-829B9EEF631B}.Debug|Any CPU.ActiveCfg = Debug|Any CPU
		{BA557DB4-BEF4-9136-D01D-829B9EEF631B}.Debug|Any CPU.Build.0 = Debug|Any CPU
		{BA557DB4-BEF4-9136-D01D-829B9EEF631B}.Release|Any CPU.ActiveCfg = Release|Any CPU
		{BA557DB4-BEF4-9136-D01D-829B9EEF631B}.Release|Any CPU.Build.0 = Release|Any CPU
	EndGlobalSection
	GlobalSection(SolutionProperties) = preSolution
		HideSolutionNode = FALSE
	EndGlobalSection
	GlobalSection(ExtensibilityGlobals) = postSolution
		SolutionGuid = {05B4688D-E68E-4042-9F06-C032B383190C}
	EndGlobalSection
EndGlobal
